
Microsoft Visual Studio Solution File, Format Version 12.00
# Visual Studio 15
VisualStudioVersion = 15.0.27004.2008
MinimumVisualStudioVersion = 10.0.40219.1
Project("{9A19103F-16F7-4668-BE54-9A1E7A4F7556}") = "SQE.Grammar", "SQE.Grammar\SQE.Grammar.csproj", "{356756BE-1D25-479B-BA71-52A01C19B0B4}"
EndProject
Project("{2150E333-8FDC-42A3-9474-1A3956D46DE8}") = "test", "test", "{9265ED0B-D54A-41BE-8F87-040BD98B021A}"
EndProject
Project("{FAE04EC0-301F-11D3-BF4B-00C04F79EFBC}") = "SQE.CSharp.UnitTests", "test\SQE.CSharp.UnitTests\SQE.CSharp.UnitTests.csproj", "{A4CDB29A-BCC4-4EB8-801C-60273C91F3FF}"
EndProject
Project("{FAE04EC0-301F-11D3-BF4B-00C04F79EFBC}") = "SQE.CSharp.Test", "test\SQE.CSharp.Test\SQE.CSharp.Test.csproj", "{21ECF464-DAC8-4374-AC71-C1EE40B39997}"
EndProject
Global
	GlobalSection(SolutionConfigurationPlatforms) = preSolution
		Debug|Any CPU = Debug|Any CPU
		Release|Any CPU = Release|Any CPU
	EndGlobalSection
	GlobalSection(ProjectConfigurationPlatforms) = postSolution
		{356756BE-1D25-479B-BA71-52A01C19B0B4}.Debug|Any CPU.ActiveCfg = Debug|Any CPU
		{356756BE-1D25-479B-BA71-52A01C19B0B4}.Debug|Any CPU.Build.0 = Debug|Any CPU
		{356756BE-1D25-479B-BA71-52A01C19B0B4}.Release|Any CPU.ActiveCfg = Release|Any CPU
		{356756BE-1D25-479B-BA71-52A01C19B0B4}.Release|Any CPU.Build.0 = Release|Any CPU
		{A4CDB29A-BCC4-4EB8-801C-60273C91F3FF}.Debug|Any CPU.ActiveCfg = Debug|Any CPU
		{A4CDB29A-BCC4-4EB8-801C-60273C91F3FF}.Debug|Any CPU.Build.0 = Debug|Any CPU
		{A4CDB29A-BCC4-4EB8-801C-60273C91F3FF}.Release|Any CPU.ActiveCfg = Release|Any CPU
		{A4CDB29A-BCC4-4EB8-801C-60273C91F3FF}.Release|Any CPU.Build.0 = Release|Any CPU
		{21ECF464-DAC8-4374-AC71-C1EE40B39997}.Debug|Any CPU.ActiveCfg = Debug|Any CPU
		{21ECF464-DAC8-4374-AC71-C1EE40B39997}.Debug|Any CPU.Build.0 = Debug|Any CPU
		{21ECF464-DAC8-4374-AC71-C1EE40B39997}.Release|Any CPU.ActiveCfg = Release|Any CPU
		{21ECF464-DAC8-4374-AC71-C1EE40B39997}.Release|Any CPU.Build.0 = Release|Any CPU
	EndGlobalSection
	GlobalSection(SolutionProperties) = preSolution
		HideSolutionNode = FALSE
	EndGlobalSection
	GlobalSection(NestedProjects) = preSolution
		{A4CDB29A-BCC4-4EB8-801C-60273C91F3FF} = {9265ED0B-D54A-41BE-8F87-040BD98B021A}
		{21ECF464-DAC8-4374-AC71-C1EE40B39997} = {9265ED0B-D54A-41BE-8F87-040BD98B021A}
	EndGlobalSection
	GlobalSection(ExtensibilityGlobals) = postSolution
		SolutionGuid = {BCA33269-7DDC-4360-99BC-EAC7A4905AE1}
	EndGlobalSection
EndGlobal
